
Microsoft Visual Studio Solution File, Format Version 12.00
# Visual Studio 15
VisualStudioVersion = 15.0.28307.705
MinimumVisualStudioVersion = 10.0.40219.1
Project("{9A19103F-16F7-4668-BE54-9A1E7A4F7556}") = "ConsoleSharp", "ConsoleSharp\ConsoleSharp.csproj", "{427C7FFC-5912-4B46-9687-3FFB48661B8C}"
EndProject
Project("{FAE04EC0-301F-11D3-BF4B-00C04F79EFBC}") = "WindowsSharp", "WindowsSharp\WindowsSharp.csproj", "{2B4F2C52-D91E-4E37-9534-4473822C1BD5}"
EndProject
Project("{FAE04EC0-301F-11D3-BF4B-00C04F79EFBC}") = "WebSharp", "WebSharp\WebSharp.csproj", "{2C78C1DD-4887-478F-A8E8-32DCDE17C3E6}"
EndProject
Project("{2150E333-8FDC-42A3-9474-1A3956D46DE8}") = "MainModule", "MainModule", "{A55A5E80-2381-4C78-861B-EB1863531B76}"
	ProjectSection(SolutionItems) = preProject
		MainModule\BasicBankAccount.cs = MainModule\BasicBankAccount.cs
		MainModule\BasicCalculator.cs = MainModule\BasicCalculator.cs
		MainModule\BasicGamble.cs = MainModule\BasicGamble.cs
		MainModule\BasicGame.cs = MainModule\BasicGame.cs
		MainModule\BasicPlayer.cs = MainModule\BasicPlayer.cs
		MainModule\BasicUser.cs = MainModule\BasicUser.cs
		MainModule\BasicWeapon.cs = MainModule\BasicWeapon.cs
	EndProjectSection
EndProject
Global
	GlobalSection(SolutionConfigurationPlatforms) = preSolution
		Debug|Any CPU = Debug|Any CPU
		Release|Any CPU = Release|Any CPU
	EndGlobalSection
	GlobalSection(ProjectConfigurationPlatforms) = postSolution
		{427C7FFC-5912-4B46-9687-3FFB48661B8C}.Debug|Any CPU.ActiveCfg = Debug|Any CPU
		{427C7FFC-5912-4B46-9687-3FFB48661B8C}.Debug|Any CPU.Build.0 = Debug|Any CPU
		{427C7FFC-5912-4B46-9687-3FFB48661B8C}.Release|Any CPU.ActiveCfg = Release|Any CPU
		{427C7FFC-5912-4B46-9687-3FFB48661B8C}.Release|Any CPU.Build.0 = Release|Any CPU
		{2B4F2C52-D91E-4E37-9534-4473822C1BD5}.Debug|Any CPU.ActiveCfg = Debug|Any CPU
		{2B4F2C52-D91E-4E37-9534-4473822C1BD5}.Debug|Any CPU.Build.0 = Debug|Any CPU
		{2B4F2C52-D91E-4E37-9534-4473822C1BD5}.Release|Any CPU.ActiveCfg = Release|Any CPU
		{2B4F2C52-D91E-4E37-9534-4473822C1BD5}.Release|Any CPU.Build.0 = Release|Any CPU
		{2C78C1DD-4887-478F-A8E8-32DCDE17C3E6}.Debug|Any CPU.ActiveCfg = Debug|Any CPU
		{2C78C1DD-4887-478F-A8E8-32DCDE17C3E6}.Debug|Any CPU.Build.0 = Debug|Any CPU
		{2C78C1DD-4887-478F-A8E8-32DCDE17C3E6}.Release|Any CPU.ActiveCfg = Release|Any CPU
		{2C78C1DD-4887-478F-A8E8-32DCDE17C3E6}.Release|Any CPU.Build.0 = Release|Any CPU
	EndGlobalSection
	GlobalSection(SolutionProperties) = preSolution
		HideSolutionNode = FALSE
	EndGlobalSection
	GlobalSection(ExtensibilityGlobals) = postSolution
		SolutionGuid = {AA6AC1BB-CA42-4BAE-B5EF-B9F2C51727F3}
	EndGlobalSection
EndGlobal
